[root]
name = "gir"
version = "0.1.0"
dependencies = [
 "deflate 0.7.2 (registry+https://github.com/rust-lang/crates.io-index)",
 "sha1 0.2.0 (registry+https://github.com/rust-lang/crates.io-index)",
]

[[package]]
name = "adler32"
version = "0.3.0"
source = "registry+https://github.com/rust-lang/crates.io-index"

[[package]]
name = "byteorder"
version = "1.0.0"
source = "registry+https://github.com/rust-lang/crates.io-index"

[[package]]
name = "deflate"
version = "0.7.2"
source = "registry+https://github.com/rust-lang/crates.io-index"
dependencies = [
 "adler32 0.3.0 (registry+https://github.com/rust-lang/crates.io-index)",
 "byteorder 1.0.0 (registry+https://github.com/rust-lang/crates.io-index)",
]

[[package]]
name = "sha1"
version = "0.2.0"
source = "registry+https://github.com/rust-lang/crates.io-index"

[metadata]
"checksum adler32 0.3.0 (registry+https://github.com/rust-lang/crates.io-index)" = "57be033eb4100070a93a9400a725839cda9c415244f808b0357e72b9e003d5ba"
"checksum byteorder 1.0.0 (registry+https://github.com/rust-lang/crates.io-index)" = "c40977b0ee6b9885c9013cd41d9feffdd22deb3bb4dc3a71d901cc7a77de18c8"
"checksum deflate 0.7.2 (registry+https://github.com/rust-lang/crates.io-index)" = "eab23bda1e017b3408412dd8d1e81e157b8fe09af8abce809fbe0aa9e6c7da4d"
"checksum sha1 0.2.0 (registry+https://github.com/rust-lang/crates.io-index)" = "cc30b1e1e8c40c121ca33b86c23308a090d19974ef001b4bf6e61fd1a0fb095c"
